
Microsoft Visual Studio Solution File, Format Version 12.00
# Visual Studio 15
VisualStudioVersion = 15.0.26730.3
MinimumVisualStudioVersion = 10.0.40219.1
Project("{FAE04EC0-301F-11D3-BF4B-00C04F79EFBC}") = "EarlyAlert.BLL", "EarlyAlert.BLL\EarlyAlert.BLL.csproj", "{BB0F0E75-0DB9-4635-9773-CB33DDBC69D4}"
EndProject
Project("{FAE04EC0-301F-11D3-BF4B-00C04F79EFBC}") = "EarlyAlert.Interface", "EarlyAlert.Interface\EarlyAlert.Interface.csproj", "{B43A876C-5D40-4EF6-BDFC-C3871873F1D2}"
EndProject
Project("{FAE04EC0-301F-11D3-BF4B-00C04F79EFBC}") = "EarlyAlert.Model", "EarlyAlert.Model\EarlyAlert.Model.csproj", "{F379968F-AB65-4763-B1EA-02A75C40C93F}"
EndProject
Project("{FAE04EC0-301F-11D3-BF4B-00C04F79EFBC}") = "EarlyAlert.Repository", "EarlyAlert.Repository\EarlyAlert.Repository.csproj", "{7AF0E437-2295-4181-99DC-DAC3217A119E}"
EndProject
Project("{FAE04EC0-301F-11D3-BF4B-00C04F79EFBC}") = "EarlyAlert.Web", "EarlyAlert.Web\EarlyAlert.Web.csproj", "{3414B993-FA4F-4E8F-A96C-AA545921CC64}"
EndProject
Project("{FAE04EC0-301F-11D3-BF4B-00C04F79EFBC}") = "Canvas.Clients", "Canvas.Clients\Canvas.Clients.csproj", "{14A15684-34DB-467E-B5E7-2B98B2A79DCB}"
EndProject
Global
	GlobalSection(SolutionConfigurationPlatforms) = preSolution
		Debug|Any CPU = Debug|Any CPU
		Release|Any CPU = Release|Any CPU
	EndGlobalSection
	GlobalSection(ProjectConfigurationPlatforms) = postSolution
		{BB0F0E75-0DB9-4635-9773-CB33DDBC69D4}.Debug|Any CPU.ActiveCfg = Debug|Any CPU
		{BB0F0E75-0DB9-4635-9773-CB33DDBC69D4}.Debug|Any CPU.Build.0 = Debug|Any CPU
		{BB0F0E75-0DB9-4635-9773-CB33DDBC69D4}.Release|Any CPU.ActiveCfg = Release|Any CPU
		{BB0F0E75-0DB9-4635-9773-CB33DDBC69D4}.Release|Any CPU.Build.0 = Release|Any CPU
		{B43A876C-5D40-4EF6-BDFC-C3871873F1D2}.Debug|Any CPU.ActiveCfg = Debug|Any CPU
		{B43A876C-5D40-4EF6-BDFC-C3871873F1D2}.Debug|Any CPU.Build.0 = Debug|Any CPU
		{B43A876C-5D40-4EF6-BDFC-C3871873F1D2}.Release|Any CPU.ActiveCfg = Release|Any CPU
		{B43A876C-5D40-4EF6-BDFC-C3871873F1D2}.Release|Any CPU.Build.0 = Release|Any CPU
		{F379968F-AB65-4763-B1EA-02A75C40C93F}.Debug|Any CPU.ActiveCfg = Debug|Any CPU
		{F379968F-AB65-4763-B1EA-02A75C40C93F}.Debug|Any CPU.Build.0 = Debug|Any CPU
		{F379968F-AB65-4763-B1EA-02A75C40C93F}.Release|Any CPU.ActiveCfg = Release|Any CPU
		{F379968F-AB65-4763-B1EA-02A75C40C93F}.Release|Any CPU.Build.0 = Release|Any CPU
		{7AF0E437-2295-4181-99DC-DAC3217A119E}.Debug|Any CPU.ActiveCfg = Debug|Any CPU
		{7AF0E437-2295-4181-99DC-DAC3217A119E}.Debug|Any CPU.Build.0 = Debug|Any CPU
		{7AF0E437-2295-4181-99DC-DAC3217A119E}.Release|Any CPU.ActiveCfg = Release|Any CPU
		{7AF0E437-2295-4181-99DC-DAC3217A119E}.Release|Any CPU.Build.0 = Release|Any CPU
		{3414B993-FA4F-4E8F-A96C-AA545921CC64}.Debug|Any CPU.ActiveCfg = Debug|Any CPU
		{3414B993-FA4F-4E8F-A96C-AA545921CC64}.Debug|Any CPU.Build.0 = Debug|Any CPU
		{3414B993-FA4F-4E8F-A96C-AA545921CC64}.Release|Any CPU.ActiveCfg = Release|Any CPU
		{3414B993-FA4F-4E8F-A96C-AA545921CC64}.Release|Any CPU.Build.0 = Release|Any CPU
		{14A15684-34DB-467E-B5E7-2B98B2A79DCB}.Debug|Any CPU.ActiveCfg = Debug|Any CPU
		{14A15684-34DB-467E-B5E7-2B98B2A79DCB}.Debug|Any CPU.Build.0 = Debug|Any CPU
		{14A15684-34DB-467E-B5E7-2B98B2A79DCB}.Release|Any CPU.ActiveCfg = Release|Any CPU
		{14A15684-34DB-467E-B5E7-2B98B2A79DCB}.Release|Any CPU.Build.0 = Release|Any CPU
	EndGlobalSection
	GlobalSection(SolutionProperties) = preSolution
		HideSolutionNode = FALSE
	EndGlobalSection
	GlobalSection(ExtensibilityGlobals) = postSolution
		SolutionGuid = {1B18CB10-CF3E-4074-9981-FB992DF31E8F}
	EndGlobalSection
EndGlobal
